
Microsoft Visual Studio Solution File, Format Version 12.00
# Visual Studio Version 16
VisualStudioVersion = 16.0.33027.164
MinimumVisualStudioVersion = 10.0.40219.1
Project("{9A19103F-16F7-4668-BE54-9A1E7A4F7556}") = "Calculo", "Calculo\Calculo.csproj", "{19F6E2A0-E234-4E19-BF1A-0DA69677E0DA}"
EndProject
Project("{FAE04EC0-301F-11D3-BF4B-00C04F79EFBC}") = "ConsoleApi", "ConsoleApi\ConsoleApi\ConsoleApi.csproj", "{C9576D1F-6530-4BAF-B3CB-546C8FC6BB96}"
EndProject
Project("{9A19103F-16F7-4668-BE54-9A1E7A4F7556}") = "WebApplication4", "WebApplication4\WebApplication4.csproj", "{2386EFFB-8DC4-42A7-8788-6250826705E3}"
EndProject
Global
	GlobalSection(SolutionConfigurationPlatforms) = preSolution
		Debug|Any CPU = Debug|Any CPU
		Release|Any CPU = Release|Any CPU
	EndGlobalSection
	GlobalSection(ProjectConfigurationPlatforms) = postSolution
		{19F6E2A0-E234-4E19-BF1A-0DA69677E0DA}.Debug|Any CPU.ActiveCfg = Debug|Any CPU
		{19F6E2A0-E234-4E19-BF1A-0DA69677E0DA}.Debug|Any CPU.Build.0 = Debug|Any CPU
		{19F6E2A0-E234-4E19-BF1A-0DA69677E0DA}.Release|Any CPU.ActiveCfg = Release|Any CPU
		{19F6E2A0-E234-4E19-BF1A-0DA69677E0DA}.Release|Any CPU.Build.0 = Release|Any CPU
		{C9576D1F-6530-4BAF-B3CB-546C8FC6BB96}.Debug|Any CPU.ActiveCfg = Debug|Any CPU
		{C9576D1F-6530-4BAF-B3CB-546C8FC6BB96}.Debug|Any CPU.Build.0 = Debug|Any CPU
		{C9576D1F-6530-4BAF-B3CB-546C8FC6BB96}.Release|Any CPU.ActiveCfg = Release|Any CPU
		{C9576D1F-6530-4BAF-B3CB-546C8FC6BB96}.Release|Any CPU.Build.0 = Release|Any CPU
		{2386EFFB-8DC4-42A7-8788-6250826705E3}.Debug|Any CPU.ActiveCfg = Debug|Any CPU
		{2386EFFB-8DC4-42A7-8788-6250826705E3}.Debug|Any CPU.Build.0 = Debug|Any CPU
		{2386EFFB-8DC4-42A7-8788-6250826705E3}.Release|Any CPU.ActiveCfg = Release|Any CPU
		{2386EFFB-8DC4-42A7-8788-6250826705E3}.Release|Any CPU.Build.0 = Release|Any CPU
	EndGlobalSection
	GlobalSection(SolutionProperties) = preSolution
		HideSolutionNode = FALSE
	EndGlobalSection
	GlobalSection(ExtensibilityGlobals) = postSolution
		SolutionGuid = {667BC328-C747-475A-9316-D1D0CA3452E7}
	EndGlobalSection
EndGlobal
